
Microsoft Visual Studio Solution File, Format Version 12.00
# Visual Studio Version 17
VisualStudioVersion = 17.0.31903.59
MinimumVisualStudioVersion = 10.0.40219.1
Project("{2150E333-8FDC-42A3-9474-1A3956D46DE8}") = "Core", "Core", "{D926F8AE-F547-457D-955D-05019E73428E}"
EndProject
Project("{FAE04EC0-301F-11D3-BF4B-00C04F79EFBC}") = "ETicaretAPI.Application", "Core\ETicaretAPI.Application\ETicaretAPI.Application.csproj", "{BAEFB65E-9378-471B-855E-ED13F33326E6}"
EndProject
Project("{FAE04EC0-301F-11D3-BF4B-00C04F79EFBC}") = "ETicaretAPI.Domain", "Core\ETicaretAPI.Domain\ETicaretAPI.Domain.csproj", "{9FEB7C7E-87D7-4E02-BAFB-D98F573AACCB}"
EndProject
Project("{2150E333-8FDC-42A3-9474-1A3956D46DE8}") = "Infrastructure", "Infrastructure", "{BF86AB54-5B6C-458F-9BA0-92C57AABA81E}"
EndProject
Project("{FAE04EC0-301F-11D3-BF4B-00C04F79EFBC}") = "ETicaretAPI.Infrastructure", "Infrastructure\ETicaretAPI.Infrastructure\ETicaretAPI.Infrastructure.csproj", "{65351750-1444-4F5C-8AC4-4BA28C0C62DA}"
EndProject
Project("{FAE04EC0-301F-11D3-BF4B-00C04F79EFBC}") = "ETicaretAPI.Persistence", "Infrastructure\ETicaretAPI.Persistence\ETicaretAPI.Persistence.csproj", "{EA3AAE5F-8915-4CB9-B2B5-7276775CAF08}"
EndProject
Project("{2150E333-8FDC-42A3-9474-1A3956D46DE8}") = "Presentation", "Presentation", "{AA3A3B30-1EC3-4745-B601-FA88B2AD6B46}"
EndProject
Project("{FAE04EC0-301F-11D3-BF4B-00C04F79EFBC}") = "ETicaretAPI.API", "Presentation\ETicaretAPI.API\ETicaretAPI.API.csproj", "{B6CA5382-389B-4DE5-B199-4378A97D3040}"
EndProject
Global
	GlobalSection(SolutionConfigurationPlatforms) = preSolution
		Debug|Any CPU = Debug|Any CPU
		Release|Any CPU = Release|Any CPU
	EndGlobalSection
	GlobalSection(SolutionProperties) = preSolution
		HideSolutionNode = FALSE
	EndGlobalSection
	GlobalSection(ProjectConfigurationPlatforms) = postSolution
		{BAEFB65E-9378-471B-855E-ED13F33326E6}.Debug|Any CPU.ActiveCfg = Debug|Any CPU
		{BAEFB65E-9378-471B-855E-ED13F33326E6}.Debug|Any CPU.Build.0 = Debug|Any CPU
		{BAEFB65E-9378-471B-855E-ED13F33326E6}.Release|Any CPU.ActiveCfg = Release|Any CPU
		{BAEFB65E-9378-471B-855E-ED13F33326E6}.Release|Any CPU.Build.0 = Release|Any CPU
		{9FEB7C7E-87D7-4E02-BAFB-D98F573AACCB}.Debug|Any CPU.ActiveCfg = Debug|Any CPU
		{9FEB7C7E-87D7-4E02-BAFB-D98F573AACCB}.Debug|Any CPU.Build.0 = Debug|Any CPU
		{9FEB7C7E-87D7-4E02-BAFB-D98F573AACCB}.Release|Any CPU.ActiveCfg = Release|Any CPU
		{9FEB7C7E-87D7-4E02-BAFB-D98F573AACCB}.Release|Any CPU.Build.0 = Release|Any CPU
		{65351750-1444-4F5C-8AC4-4BA28C0C62DA}.Debug|Any CPU.ActiveCfg = Debug|Any CPU
		{65351750-1444-4F5C-8AC4-4BA28C0C62DA}.Debug|Any CPU.Build.0 = Debug|Any CPU
		{65351750-1444-4F5C-8AC4-4BA28C0C62DA}.Release|Any CPU.ActiveCfg = Release|Any CPU
		{65351750-1444-4F5C-8AC4-4BA28C0C62DA}.Release|Any CPU.Build.0 = Release|Any CPU
		{EA3AAE5F-8915-4CB9-B2B5-7276775CAF08}.Debug|Any CPU.ActiveCfg = Debug|Any CPU
		{EA3AAE5F-8915-4CB9-B2B5-7276775CAF08}.Debug|Any CPU.Build.0 = Debug|Any CPU
		{EA3AAE5F-8915-4CB9-B2B5-7276775CAF08}.Release|Any CPU.ActiveCfg = Release|Any CPU
		{EA3AAE5F-8915-4CB9-B2B5-7276775CAF08}.Release|Any CPU.Build.0 = Release|Any CPU
		{B6CA5382-389B-4DE5-B199-4378A97D3040}.Debug|Any CPU.ActiveCfg = Debug|Any CPU
		{B6CA5382-389B-4DE5-B199-4378A97D3040}.Debug|Any CPU.Build.0 = Debug|Any CPU
		{B6CA5382-389B-4DE5-B199-4378A97D3040}.Release|Any CPU.ActiveCfg = Release|Any CPU
		{B6CA5382-389B-4DE5-B199-4378A97D3040}.Release|Any CPU.Build.0 = Release|Any CPU
	EndGlobalSection
	GlobalSection(NestedProjects) = preSolution
		{BAEFB65E-9378-471B-855E-ED13F33326E6} = {D926F8AE-F547-457D-955D-05019E73428E}
		{9FEB7C7E-87D7-4E02-BAFB-D98F573AACCB} = {D926F8AE-F547-457D-955D-05019E73428E}
		{65351750-1444-4F5C-8AC4-4BA28C0C62DA} = {BF86AB54-5B6C-458F-9BA0-92C57AABA81E}
		{EA3AAE5F-8915-4CB9-B2B5-7276775CAF08} = {BF86AB54-5B6C-458F-9BA0-92C57AABA81E}
		{B6CA5382-389B-4DE5-B199-4378A97D3040} = {AA3A3B30-1EC3-4745-B601-FA88B2AD6B46}
	EndGlobalSection
EndGlobal
